// !$*UTF8*$!
{
	archiveVersion = 1;
	classes = {
	};
	objectVersion = 55;
	objects = {

/* Begin PBXBuildFile section */
		B7EC1E1028B8A4470049069E /* AppDelegate.swift in Sources */ = {isa = PBXBuildFile; fileRef = B7EC1E0F28B8A4470049069E /* AppDelegate.swift */; };
		B7EC1E1228B8A4470049069E /* SceneDelegate.swift in Sources */ = {isa = PBXBuildFile; fileRef = B7EC1E1128B8A4470049069E /* SceneDelegate.swift */; };
		B7EC1E1428B8A4470049069E /* SearchViewController.swift in Sources */ = {isa = PBXBuildFile; fileRef = B7EC1E1328B8A4470049069E /* SearchViewController.swift */; };
		B7EC1E1928B8A44B0049069E /* Assets.xcassets in Resources */ = {isa = PBXBuildFile; fileRef = B7EC1E1828B8A44B0049069E /* Assets.xcassets */; };
		B7EC1E1C28B8A44B0049069E /* LaunchScreen.storyboard in Resources */ = {isa = PBXBuildFile; fileRef = B7EC1E1A28B8A44B0049069E /* LaunchScreen.storyboard */; };
		B7EC1E2628B8B3DD0049069E /* FavoritesListViewController.swift in Sources */ = {isa = PBXBuildFile; fileRef = B7EC1E2528B8B3DD0049069E /* FavoritesListViewController.swift */; };
		B7EC1E2928B8BB980049069E /* GHFButton.swift in Sources */ = {isa = PBXBuildFile; fileRef = B7EC1E2828B8BB980049069E /* GHFButton.swift */; };
		B7EC1E2D28B8BECD0049069E /* GHFTextField.swift in Sources */ = {isa = PBXBuildFile; fileRef = B7EC1E2C28B8BECD0049069E /* GHFTextField.swift */; };
		B7EC1E2F28B8DC2F0049069E /* FollowerListViewController.swift in Sources */ = {isa = PBXBuildFile; fileRef = B7EC1E2E28B8DC2F0049069E /* FollowerListViewController.swift */; };
		B7EC1E3328B8E4630049069E /* GHFTitleLabel.swift in Sources */ = {isa = PBXBuildFile; fileRef = B7EC1E3228B8E4630049069E /* GHFTitleLabel.swift */; };
		B7EC1E3528B8E6150049069E /* GHFBodyLabel.swift in Sources */ = {isa = PBXBuildFile; fileRef = B7EC1E3428B8E6150049069E /* GHFBodyLabel.swift */; };
		B7EC1E3828B8E78D0049069E /* GHFAllertViewController.swift in Sources */ = {isa = PBXBuildFile; fileRef = B7EC1E3728B8E78D0049069E /* GHFAllertViewController.swift */; };
		B7EC1E3B28B8F3D40049069E /* UIViewController+Ext.swift in Sources */ = {isa = PBXBuildFile; fileRef = B7EC1E3A28B8F3D40049069E /* UIViewController+Ext.swift */; };
		B7EC1E3F28B8FAE80049069E /* Follower.swift in Sources */ = {isa = PBXBuildFile; fileRef = B7EC1E3E28B8FAE80049069E /* Follower.swift */; };
		B7EC1E4128B8FBBC0049069E /* User.swift in Sources */ = {isa = PBXBuildFile; fileRef = B7EC1E4028B8FBBC0049069E /* User.swift */; };
		B7EC1E4328B905020049069E /* NetworkManager.swift in Sources */ = {isa = PBXBuildFile; fileRef = B7EC1E4228B905020049069E /* NetworkManager.swift */; };
		B7EC1E4628BA17D70049069E /* ErrorMessage.swift in Sources */ = {isa = PBXBuildFile; fileRef = B7EC1E4528BA17D70049069E /* ErrorMessage.swift */; };
		B7EC1E4928BA28030049069E /* FollowerCell.swift in Sources */ = {isa = PBXBuildFile; fileRef = B7EC1E4828BA28030049069E /* FollowerCell.swift */; };
		B7EC1E4C28BA28F40049069E /* GHFAvataImageView.swift in Sources */ = {isa = PBXBuildFile; fileRef = B7EC1E4B28BA28F40049069E /* GHFAvataImageView.swift */; };
		B7EC1E4E28BA416A0049069E /* UIHelper.swift in Sources */ = {isa = PBXBuildFile; fileRef = B7EC1E4D28BA416A0049069E /* UIHelper.swift */; };
		B7EC1E5128BA590C0049069E /* GHFEmptyStateView.swift in Sources */ = {isa = PBXBuildFile; fileRef = B7EC1E5028BA590C0049069E /* GHFEmptyStateView.swift */; };
/* End PBXBuildFile section */

/* Begin PBXFileReference section */
		B7EC1E0C28B8A4470049069E /* GH_Followers.app */ = {isa = PBXFileReference; explicitFileType = wrapper.application; includeInIndex = 0; path = GH_Followers.app; sourceTree = BUILT_PRODUCTS_DIR; };
		B7EC1E0F28B8A4470049069E /* AppDelegate.swift */ = {isa = PBXFileReference; lastKnownFileType = sourcecode.swift; path = AppDelegate.swift; sourceTree = "<group>"; };
		B7EC1E1128B8A4470049069E /* SceneDelegate.swift */ = {isa = PBXFileReference; lastKnownFileType = sourcecode.swift; path = SceneDelegate.swift; sourceTree = "<group>"; };
		B7EC1E1328B8A4470049069E /* SearchViewController.swift */ = {isa = PBXFileReference; lastKnownFileType = sourcecode.swift; path = SearchViewController.swift; sourceTree = "<group>"; };
		B7EC1E1828B8A44B0049069E /* Assets.xcassets */ = {isa = PBXFileReference; lastKnownFileType = folder.assetcatalog; path = Assets.xcassets; sourceTree = "<group>"; };
		B7EC1E1B28B8A44B0049069E /* Base */ = {isa = PBXFileReference; lastKnownFileType = file.storyboard; name = Base; path = Base.lproj/LaunchScreen.storyboard; sourceTree = "<group>"; };
		B7EC1E1D28B8A44B0049069E /* Info.plist */ = {isa = PBXFileReference; lastKnownFileType = text.plist.xml; path = Info.plist; sourceTree = "<group>"; };
		B7EC1E2528B8B3DD0049069E /* FavoritesListViewController.swift */ = {isa = PBXFileReference; lastKnownFileType = sourcecode.swift; path = FavoritesListViewController.swift; sourceTree = "<group>"; };
		B7EC1E2828B8BB980049069E /* GHFButton.swift */ = {isa = PBXFileReference; lastKnownFileType = sourcecode.swift; path = GHFButton.swift; sourceTree = "<group>"; };
		B7EC1E2C28B8BECD0049069E /* GHFTextField.swift */ = {isa = PBXFileReference; lastKnownFileType = sourcecode.swift; path = GHFTextField.swift; sourceTree = "<group>"; };
		B7EC1E2E28B8DC2F0049069E /* FollowerListViewController.swift */ = {isa = PBXFileReference; lastKnownFileType = sourcecode.swift; path = FollowerListViewController.swift; sourceTree = "<group>"; };
		B7EC1E3228B8E4630049069E /* GHFTitleLabel.swift */ = {isa = PBXFileReference; lastKnownFileType = sourcecode.swift; path = GHFTitleLabel.swift; sourceTree = "<group>"; };
		B7EC1E3428B8E6150049069E /* GHFBodyLabel.swift */ = {isa = PBXFileReference; lastKnownFileType = sourcecode.swift; path = GHFBodyLabel.swift; sourceTree = "<group>"; };
		B7EC1E3728B8E78D0049069E /* GHFAllertViewController.swift */ = {isa = PBXFileReference; lastKnownFileType = sourcecode.swift; path = GHFAllertViewController.swift; sourceTree = "<group>"; };
		B7EC1E3A28B8F3D40049069E /* UIViewController+Ext.swift */ = {isa = PBXFileReference; lastKnownFileType = sourcecode.swift; path = "UIViewController+Ext.swift"; sourceTree = "<group>"; };
		B7EC1E3E28B8FAE80049069E /* Follower.swift */ = {isa = PBXFileReference; lastKnownFileType = sourcecode.swift; path = Follower.swift; sourceTree = "<group>"; };
		B7EC1E4028B8FBBC0049069E /* User.swift */ = {isa = PBXFileReference; lastKnownFileType = sourcecode.swift; path = User.swift; sourceTree = "<group>"; };
		B7EC1E4228B905020049069E /* NetworkManager.swift */ = {isa = PBXFileReference; lastKnownFileType = sourcecode.swift; path = NetworkManager.swift; sourceTree = "<group>"; };
		B7EC1E4528BA17D70049069E /* ErrorMessage.swift */ = {isa = PBXFileReference; lastKnownFileType = sourcecode.swift; path = ErrorMessage.swift; sourceTree = "<group>"; };
		B7EC1E4828BA28030049069E /* FollowerCell.swift */ = {isa = PBXFileReference; lastKnownFileType = sourcecode.swift; path = FollowerCell.swift; sourceTree = "<group>"; };
		B7EC1E4B28BA28F40049069E /* GHFAvataImageView.swift */ = {isa = PBXFileReference; lastKnownFileType = sourcecode.swift; path = GHFAvataImageView.swift; sourceTree = "<group>"; };
		B7EC1E4D28BA416A0049069E /* UIHelper.swift */ = {isa = PBXFileReference; lastKnownFileType = sourcecode.swift; path = UIHelper.swift; sourceTree = "<group>"; };
		B7EC1E5028BA590C0049069E /* GHFEmptyStateView.swift */ = {isa = PBXFileReference; lastKnownFileType = sourcecode.swift; path = GHFEmptyStateView.swift; sourceTree = "<group>"; };
/* End PBXFileReference section */

/* Begin PBXFrameworksBuildPhase section */
		B7EC1E0928B8A4470049069E /* Frameworks */ = {
			isa = PBXFrameworksBuildPhase;
			buildActionMask = 2147483647;
			files = (
			);
			runOnlyForDeploymentPostprocessing = 0;
		};
/* End PBXFrameworksBuildPhase section */

/* Begin PBXGroup section */
		B7EC1E0328B8A4470049069E = {
			isa = PBXGroup;
			children = (
				B7EC1E0E28B8A4470049069E /* GH_Followers */,
				B7EC1E0D28B8A4470049069E /* Products */,
			);
			sourceTree = "<group>";
		};
		B7EC1E0D28B8A4470049069E /* Products */ = {
			isa = PBXGroup;
			children = (
				B7EC1E0C28B8A4470049069E /* GH_Followers.app */,
			);
			name = Products;
			sourceTree = "<group>";
		};
		B7EC1E0E28B8A4470049069E /* GH_Followers */ = {
			isa = PBXGroup;
			children = (
				B7EC1E4428BA17C20049069E /* Utilities */,
				B7EC1E3D28B8F8D40049069E /* Models */,
				B7EC1E3C28B8F84D0049069E /* Managers */,
				B7EC1E3928B8F3BF0049069E /* Extensions */,
				B7EC1E3028B8E1430049069E /* Screens */,
				B7EC1E2728B8BB450049069E /* CustomViews */,
				B7EC1E2428B8B2560049069E /* Apps */,
				B7EC1E2328B8B24C0049069E /* Resources */,
				B7EC1E1D28B8A44B0049069E /* Info.plist */,
			);
			path = GH_Followers;
			sourceTree = "<group>";
		};
		B7EC1E2328B8B24C0049069E /* Resources */ = {
			isa = PBXGroup;
			children = (
				B7EC1E1828B8A44B0049069E /* Assets.xcassets */,
				B7EC1E1A28B8A44B0049069E /* LaunchScreen.storyboard */,
			);
			path = Resources;
			sourceTree = "<group>";
		};
		B7EC1E2428B8B2560049069E /* Apps */ = {
			isa = PBXGroup;
			children = (
				B7EC1E0F28B8A4470049069E /* AppDelegate.swift */,
				B7EC1E1128B8A4470049069E /* SceneDelegate.swift */,
			);
			path = Apps;
			sourceTree = "<group>";
		};
		B7EC1E2728B8BB450049069E /* CustomViews */ = {
			isa = PBXGroup;
			children = (
				B7EC1E4F28BA58E70049069E /* Views */,
				B7EC1E4A28BA28D60049069E /* ImageViews */,
				B7EC1E4728BA27CD0049069E /* Cells */,
				B7EC1E3628B8E7550049069E /* ViewControllers */,
				B7EC1E3128B8E44B0049069E /* Labels */,
				B7EC1E2B28B8BEAD0049069E /* TextFields */,
				B7EC1E2A28B8BB9C0049069E /* Buttons */,
			);
			path = CustomViews;
			sourceTree = "<group>";
		};
		B7EC1E2A28B8BB9C0049069E /* Buttons */ = {
			isa = PBXGroup;
			children = (
				B7EC1E2828B8BB980049069E /* GHFButton.swift */,
			);
			path = Buttons;
			sourceTree = "<group>";
		};
		B7EC1E2B28B8BEAD0049069E /* TextFields */ = {
			isa = PBXGroup;
			children = (
				B7EC1E2C28B8BECD0049069E /* GHFTextField.swift */,
			);
			path = TextFields;
			sourceTree = "<group>";
		};
		B7EC1E3028B8E1430049069E /* Screens */ = {
			isa = PBXGroup;
			children = (
				B7EC1E1328B8A4470049069E /* SearchViewController.swift */,
				B7EC1E2528B8B3DD0049069E /* FavoritesListViewController.swift */,
				B7EC1E2E28B8DC2F0049069E /* FollowerListViewController.swift */,
			);
			path = Screens;
			sourceTree = "<group>";
		};
		B7EC1E3128B8E44B0049069E /* Labels */ = {
			isa = PBXGroup;
			children = (
				B7EC1E3228B8E4630049069E /* GHFTitleLabel.swift */,
				B7EC1E3428B8E6150049069E /* GHFBodyLabel.swift */,
			);
			path = Labels;
			sourceTree = "<group>";
		};
		B7EC1E3628B8E7550049069E /* ViewControllers */ = {
			isa = PBXGroup;
			children = (
				B7EC1E3728B8E78D0049069E /* GHFAllertViewController.swift */,
			);
			path = ViewControllers;
			sourceTree = "<group>";
		};
		B7EC1E3928B8F3BF0049069E /* Extensions */ = {
			isa = PBXGroup;
			children = (
				B7EC1E3A28B8F3D40049069E /* UIViewController+Ext.swift */,
			);
			path = Extensions;
			sourceTree = "<group>";
		};
		B7EC1E3C28B8F84D0049069E /* Managers */ = {
			isa = PBXGroup;
			children = (
				B7EC1E4228B905020049069E /* NetworkManager.swift */,
			);
			path = Managers;
			sourceTree = "<group>";
		};
		B7EC1E3D28B8F8D40049069E /* Models */ = {
			isa = PBXGroup;
			children = (
				B7EC1E3E28B8FAE80049069E /* Follower.swift */,
				B7EC1E4028B8FBBC0049069E /* User.swift */,
			);
			path = Models;
			sourceTree = "<group>";
		};
		B7EC1E4428BA17C20049069E /* Utilities */ = {
			isa = PBXGroup;
			children = (
				B7EC1E4528BA17D70049069E /* ErrorMessage.swift */,
				B7EC1E4D28BA416A0049069E /* UIHelper.swift */,
			);
			path = Utilities;
			sourceTree = "<group>";
		};
		B7EC1E4728BA27CD0049069E /* Cells */ = {
			isa = PBXGroup;
			children = (
				B7EC1E4828BA28030049069E /* FollowerCell.swift */,
			);
			path = Cells;
			sourceTree = "<group>";
		};
		B7EC1E4A28BA28D60049069E /* ImageViews */ = {
			isa = PBXGroup;
			children = (
				B7EC1E4B28BA28F40049069E /* GHFAvataImageView.swift */,
			);
			path = ImageViews;
			sourceTree = "<group>";
		};
		B7EC1E4F28BA58E70049069E /* Views */ = {
			isa = PBXGroup;
			children = (
				B7EC1E5028BA590C0049069E /* GHFEmptyStateView.swift */,
			);
			path = Views;
			sourceTree = "<group>";
		};
/* End PBXGroup section */

/* Begin PBXNativeTarget section */
		B7EC1E0B28B8A4470049069E /* GH_Followers */ = {
			isa = PBXNativeTarget;
			buildConfigurationList = B7EC1E2028B8A44B0049069E /* Build configuration list for PBXNativeTarget "GH_Followers" */;
			buildPhases = (
				B7EC1E0828B8A4470049069E /* Sources */,
				B7EC1E0928B8A4470049069E /* Frameworks */,
				B7EC1E0A28B8A4470049069E /* Resources */,
			);
			buildRules = (
			);
			dependencies = (
			);
			name = GH_Followers;
			productName = GH_Followers;
			productReference = B7EC1E0C28B8A4470049069E /* GH_Followers.app */;
			productType = "com.apple.product-type.application";
		};
/* End PBXNativeTarget section */

/* Begin PBXProject section */
		B7EC1E0428B8A4470049069E /* Project object */ = {
			isa = PBXProject;
			attributes = {
				BuildIndependentTargetsInParallel = 1;
				LastSwiftUpdateCheck = 1340;
				LastUpgradeCheck = 1340;
				TargetAttributes = {
					B7EC1E0B28B8A4470049069E = {
						CreatedOnToolsVersion = 13.4.1;
					};
				};
			};
			buildConfigurationList = B7EC1E0728B8A4470049069E /* Build configuration list for PBXProject "GH_Followers" */;
			compatibilityVersion = "Xcode 13.0";
			developmentRegion = en;
			hasScannedForEncodings = 0;
			knownRegions = (
				en,
				Base,
			);
			mainGroup = B7EC1E0328B8A4470049069E;
			productRefGroup = B7EC1E0D28B8A4470049069E /* Products */;
			projectDirPath = "";
			projectRoot = "";
			targets = (
				B7EC1E0B28B8A4470049069E /* GH_Followers */,
			);
		};
/* End PBXProject section */

/* Begin PBXResourcesBuildPhase section */
		B7EC1E0A28B8A4470049069E /* Resources */ = {
			isa = PBXResourcesBuildPhase;
			buildActionMask = 2147483647;
			files = (
				B7EC1E1C28B8A44B0049069E /* LaunchScreen.storyboard in Resources */,
				B7EC1E1928B8A44B0049069E /* Assets.xcassets in Resources */,
			);
			runOnlyForDeploymentPostprocessing = 0;
		};
/* End PBXResourcesBuildPhase section */

/* Begin PBXSourcesBuildPhase section */
		B7EC1E0828B8A4470049069E /* Sources */ = {
			isa = PBXSourcesBuildPhase;
			buildActionMask = 2147483647;
			files = (
				B7EC1E4128B8FBBC0049069E /* User.swift in Sources */,
				B7EC1E1428B8A4470049069E /* SearchViewController.swift in Sources */,
				B7EC1E1028B8A4470049069E /* AppDelegate.swift in Sources */,
				B7EC1E2628B8B3DD0049069E /* FavoritesListViewController.swift in Sources */,
				B7EC1E2928B8BB980049069E /* GHFButton.swift in Sources */,
				B7EC1E4E28BA416A0049069E /* UIHelper.swift in Sources */,
				B7EC1E1228B8A4470049069E /* SceneDelegate.swift in Sources */,
				B7EC1E4C28BA28F40049069E /* GHFAvataImageView.swift in Sources */,
				B7EC1E3B28B8F3D40049069E /* UIViewController+Ext.swift in Sources */,
				B7EC1E4928BA28030049069E /* FollowerCell.swift in Sources */,
				B7EC1E4628BA17D70049069E /* ErrorMessage.swift in Sources */,
				B7EC1E5128BA590C0049069E /* GHFEmptyStateView.swift in Sources */,
				B7EC1E3328B8E4630049069E /* GHFTitleLabel.swift in Sources */,
				B7EC1E3F28B8FAE80049069E /* Follower.swift in Sources */,
				B7EC1E3528B8E6150049069E /* GHFBodyLabel.swift in Sources */,
				B7EC1E4328B905020049069E /* NetworkManager.swift in Sources */,
				B7EC1E2D28B8BECD0049069E /* GHFTextField.swift in Sources */,
				B7EC1E3828B8E78D0049069E /* GHFAllertViewController.swift in Sources */,
				B7EC1E2F28B8DC2F0049069E /* FollowerListViewController.swift in Sources */,
			);
			runOnlyForDeploymentPostprocessing = 0;
		};
/* End PBXSourcesBuildPhase section */

/* Begin PBXVariantGroup section */
		B7EC1E1A28B8A44B0049069E /* LaunchScreen.storyboard */ = {
			isa = PBXVariantGroup;
			children = (
				B7EC1E1B28B8A44B0049069E /* Base */,
			);
			name = LaunchScreen.storyboard;
			sourceTree = "<group>";
		};
/* End PBXVariantGroup section */

/* Begin XCBuildConfiguration section */
		B7EC1E1E28B8A44B0049069E /* Debug */ = {
			isa = XCBuildConfiguration;
			buildSettings = {
				ALWAYS_SEARCH_USER_PATHS = NO;
				CLANG_ANALYZER_NONNULL = YES;
				CLANG_ANALYZER_NUMBER_OBJECT_CONVERSION = YES_AGGRESSIVE;
				CLANG_CXX_LANGUAGE_STANDARD = "gnu++17";
				CLANG_ENABLE_MODULES = YES;
				CLANG_ENABLE_OBJC_ARC = YES;
				CLANG_ENABLE_OBJC_WEAK = YES;
				CLANG_WARN_BLOCK_CAPTURE_AUTORELEASING = YES;
				CLANG_WARN_BOOL_CONVERSION = YES;
				CLANG_WARN_COMMA = YES;
				CLANG_WARN_CONSTANT_CONVERSION = YES;
				CLANG_WARN_DEPRECATED_OBJC_IMPLEMENTATIONS = YES;
				CLANG_WARN_DIRECT_OBJC_ISA_USAGE = YES_ERROR;
				CLANG_WARN_DOCUMENTATION_COMMENTS = YES;
				CLANG_WARN_EMPTY_BODY = YES;
				CLANG_WARN_ENUM_CONVERSION = YES;
				CLANG_WARN_INFINITE_RECURSION = YES;
				CLANG_WARN_INT_CONVERSION = YES;
				CLANG_WARN_NON_LITERAL_NULL_CONVERSION = YES;
				CLANG_WARN_OBJC_IMPLICIT_RETAIN_SELF = YES;
				CLANG_WARN_OBJC_LITERAL_CONVERSION = YES;
				CLANG_WARN_OBJC_ROOT_CLASS = YES_ERROR;
				CLANG_WARN_QUOTED_INCLUDE_IN_FRAMEWORK_HEADER = YES;
				CLANG_WARN_RANGE_LOOP_ANALYSIS = YES;
				CLANG_WARN_STRICT_PROTOTYPES = YES;
				CLANG_WARN_SUSPICIOUS_MOVE = YES;
				CLANG_WARN_UNGUARDED_AVAILABILITY = YES_AGGRESSIVE;
				CLANG_WARN_UNREACHABLE_CODE = YES;
				CLANG_WARN__DUPLICATE_METHOD_MATCH = YES;
				COPY_PHASE_STRIP = NO;
				DEBUG_INFORMATION_FORMAT = dwarf;
				ENABLE_STRICT_OBJC_MSGSEND = YES;
				ENABLE_TESTABILITY = YES;
				GCC_C_LANGUAGE_STANDARD = gnu11;
				GCC_DYNAMIC_NO_PIC = NO;
				GCC_NO_COMMON_BLOCKS = YES;
				GCC_OPTIMIZATION_LEVEL = 0;
				GCC_PREPROCESSOR_DEFINITIONS = (
					"DEBUG=1",
					"$(inherited)",
				);
				GCC_WARN_64_TO_32_BIT_CONVERSION = YES;
				GCC_WARN_ABOUT_RETURN_TYPE = YES_ERROR;
				GCC_WARN_UNDECLARED_SELECTOR = YES;
				GCC_WARN_UNINITIALIZED_AUTOS = YES_AGGRESSIVE;
				GCC_WARN_UNUSED_FUNCTION = YES;
				GCC_WARN_UNUSED_VARIABLE = YES;
				IPHONEOS_DEPLOYMENT_TARGET = 15.5;
				MTL_ENABLE_DEBUG_INFO = INCLUDE_SOURCE;
				MTL_FAST_MATH = YES;
				ONLY_ACTIVE_ARCH = YES;
				SDKROOT = iphoneos;
				SWIFT_ACTIVE_COMPILATION_CONDITIONS = DEBUG;
				SWIFT_OPTIMIZATION_LEVEL = "-Onone";
			};
			name = Debug;
		};
		B7EC1E1F28B8A44B0049069E /* Release */ = {
			isa = XCBuildConfiguration;
			buildSettings = {
				ALWAYS_SEARCH_USER_PATHS = NO;
				CLANG_ANALYZER_NONNULL = YES;
				CLANG_ANALYZER_NUMBER_OBJECT_CONVERSION = YES_AGGRESSIVE;
				CLANG_CXX_LANGUAGE_STANDARD = "gnu++17";
				CLANG_ENABLE_MODULES = YES;
				CLANG_ENABLE_OBJC_ARC = YES;
				CLANG_ENABLE_OBJC_WEAK = YES;
				CLANG_WARN_BLOCK_CAPTURE_AUTORELEASING = YES;
				CLANG_WARN_BOOL_CONVERSION = YES;
				CLANG_WARN_COMMA = YES;
				CLANG_WARN_CONSTANT_CONVERSION = YES;
				CLANG_WARN_DEPRECATED_OBJC_IMPLEMENTATIONS = YES;
				CLANG_WARN_DIRECT_OBJC_ISA_USAGE = YES_ERROR;
				CLANG_WARN_DOCUMENTATION_COMMENTS = YES;
				CLANG_WARN_EMPTY_BODY = YES;
				CLANG_WARN_ENUM_CONVERSION = YES;
				CLANG_WARN_INFINITE_RECURSION = YES;
				CLANG_WARN_INT_CONVERSION = YES;
				CLANG_WARN_NON_LITERAL_NULL_CONVERSION = YES;
				CLANG_WARN_OBJC_IMPLICIT_RETAIN_SELF = YES;
				CLANG_WARN_OBJC_LITERAL_CONVERSION = YES;
				CLANG_WARN_OBJC_ROOT_CLASS = YES_ERROR;
				CLANG_WARN_QUOTED_INCLUDE_IN_FRAMEWORK_HEADER = YES;
				CLANG_WARN_RANGE_LOOP_ANALYSIS = YES;
				CLANG_WARN_STRICT_PROTOTYPES = YES;
				CLANG_WARN_SUSPICIOUS_MOVE = YES;
				CLANG_WARN_UNGUARDED_AVAILABILITY = YES_AGGRESSIVE;
				CLANG_WARN_UNREACHABLE_CODE = YES;
				CLANG_WARN__DUPLICATE_METHOD_MATCH = YES;
				COPY_PHASE_STRIP = NO;
				DEBUG_INFORMATION_FORMAT = "dwarf-with-dsym";
				ENABLE_NS_ASSERTIONS = NO;
				ENABLE_STRICT_OBJC_MSGSEND = YES;
				GCC_C_LANGUAGE_STANDARD = gnu11;
				GCC_NO_COMMON_BLOCKS = YES;
				GCC_WARN_64_TO_32_BIT_CONVERSION = YES;
				GCC_WARN_ABOUT_RETURN_TYPE = YES_ERROR;
				GCC_WARN_UNDECLARED_SELECTOR = YES;
				GCC_WARN_UNINITIALIZED_AUTOS = YES_AGGRESSIVE;
				GCC_WARN_UNUSED_FUNCTION = YES;
				GCC_WARN_UNUSED_VARIABLE = YES;
				IPHONEOS_DEPLOYMENT_TARGET = 15.5;
				MTL_ENABLE_DEBUG_INFO = NO;
				MTL_FAST_MATH = YES;
				SDKROOT = iphoneos;
				SWIFT_COMPILATION_MODE = wholemodule;
				SWIFT_OPTIMIZATION_LEVEL = "-O";
				VALIDATE_PRODUCT = YES;
			};
			name = Release;
		};
		B7EC1E2128B8A44B0049069E /* Debug */ = {
			isa = XCBuildConfiguration;
			buildSettings = {
				ASSETCATALOG_COMPILER_APPICON_NAME = AppIcon;
				ASSETCATALOG_COMPILER_GLOBAL_ACCENT_COLOR_NAME = AccentColor;
				CODE_SIGN_STYLE = Automatic;
				CURRENT_PROJECT_VERSION = 1;
				DEVELOPMENT_TEAM = 76MQ9WGJQ4;
				GENERATE_INFOPLIST_FILE = YES;
				INFOPLIST_FILE = GH_Followers/Info.plist;
				INFOPLIST_KEY_UIApplicationSupportsIndirectInputEvents = YES;
				INFOPLIST_KEY_UILaunchStoryboardName = LaunchScreen;
				INFOPLIST_KEY_UISupportedInterfaceOrientations_iPad = "UIInterfaceOrientationPortrait UIInterfaceOrientationPortraitUpsideDown UIInterfaceOrientationLandscapeLeft UIInterfaceOrientationLandscapeRight";
				INFOPLIST_KEY_UISupportedInterfaceOrientations_iPhone = "UIInterfaceOrientationPortrait UIInterfaceOrientationLandscapeLeft UIInterfaceOrientationLandscapeRight";
				LD_RUNPATH_SEARCH_PATHS = (
					"$(inherited)",
					"@executable_path/Frameworks",
				);
				MARKETING_VERSION = 1.0;
				PRODUCT_BUNDLE_IDENTIFIER = "R1no933.GH-Followers";
				PRODUCT_NAME = "$(TARGET_NAME)";
				SWIFT_EMIT_LOC_STRINGS = YES;
				SWIFT_VERSION = 5.0;
				TARGETED_DEVICE_FAMILY = 1;
			};
			name = Debug;
		};
		B7EC1E2228B8A44B0049069E /* Release */ = {
			isa = XCBuildConfiguration;
			buildSettings = {
				ASSETCATALOG_COMPILER_APPICON_NAME = AppIcon;
				ASSETCATALOG_COMPILER_GLOBAL_ACCENT_COLOR_NAME = AccentColor;
				CODE_SIGN_STYLE = Automatic;
				CURRENT_PROJECT_VERSION = 1;
				DEVELOPMENT_TEAM = 76MQ9WGJQ4;
				GENERATE_INFOPLIST_FILE = YES;
				INFOPLIST_FILE = GH_Followers/Info.plist;
				INFOPLIST_KEY_UIApplicationSupportsIndirectInputEvents = YES;
				INFOPLIST_KEY_UILaunchStoryboardName = LaunchScreen;
				INFOPLIST_KEY_UISupportedInterfaceOrientations_iPad = "UIInterfaceOrientationPortrait UIInterfaceOrientationPortraitUpsideDown UIInterfaceOrientationLandscapeLeft UIInterfaceOrientationLandscapeRight";
				INFOPLIST_KEY_UISupportedInterfaceOrientations_iPhone = "UIInterfaceOrientationPortrait UIInterfaceOrientationLandscapeLeft UIInterfaceOrientationLandscapeRight";
				LD_RUNPATH_SEARCH_PATHS = (
					"$(inherited)",
					"@executable_path/Frameworks",
				);
				MARKETING_VERSION = 1.0;
				PRODUCT_BUNDLE_IDENTIFIER = "R1no933.GH-Followers";
				PRODUCT_NAME = "$(TARGET_NAME)";
				SWIFT_EMIT_LOC_STRINGS = YES;
				SWIFT_VERSION = 5.0;
				TARGETED_DEVICE_FAMILY = 1;
			};
			name = Release;
		};
/* End XCBuildConfiguration section */

/* Begin XCConfigurationList section */
		B7EC1E0728B8A4470049069E /* Build configuration list for PBXProject "GH_Followers" */ = {
			isa = XCConfigurationList;
			buildConfigurations = (
				B7EC1E1E28B8A44B0049069E /* Debug */,
				B7EC1E1F28B8A44B0049069E /* Release */,
			);
			defaultConfigurationIsVisible = 0;
			defaultConfigurationName = Release;
		};
		B7EC1E2028B8A44B0049069E /* Build configuration list for PBXNativeTarget "GH_Followers" */ = {
			isa = XCConfigurationList;
			buildConfigurations = (
				B7EC1E2128B8A44B0049069E /* Debug */,
				B7EC1E2228B8A44B0049069E /* Release */,
			);
			defaultConfigurationIsVisible = 0;
			defaultConfigurationName = Release;
		};
/* End XCConfigurationList section */
	};
	rootObject = B7EC1E0428B8A4470049069E /* Project object */;
}
